
Microsoft Visual Studio Solution File, Format Version 12.00
# Visual Studio 14
VisualStudioVersion = 14.0.25420.1
MinimumVisualStudioVersion = 10.0.40219.1
Project("{FAE04EC0-301F-11D3-BF4B-00C04F79EFBC}") = "Extensions", "Extensions\Extensions.csproj", "{2634DF4E-F422-40B3-9A63-2810954DE768}"
EndProject
Project("{2150E333-8FDC-42A3-9474-1A3956D46DE8}") = "Solution Items", "Solution Items", "{2C661245-7C1D-4F45-AB03-2B257EDE9895}"
	ProjectSection(SolutionItems) = preProject
		License.txt = License.txt
		Package.nuspec = Package.nuspec
		Readme.md = Readme.md
	EndProjectSection
EndProject
Global
	GlobalSection(SolutionConfigurationPlatforms) = preSolution
		Debug 4.5|Any CPU = Debug 4.5|Any CPU
		Release 4.0|Any CPU = Release 4.0|Any CPU
		Release 4.5|Any CPU = Release 4.5|Any CPU
	EndGlobalSection
	GlobalSection(ProjectConfigurationPlatforms) = postSolution
		{2634DF4E-F422-40B3-9A63-2810954DE768}.Debug 4.5|Any CPU.ActiveCfg = Debug 4.5|Any CPU
		{2634DF4E-F422-40B3-9A63-2810954DE768}.Debug 4.5|Any CPU.Build.0 = Debug 4.5|Any CPU
		{2634DF4E-F422-40B3-9A63-2810954DE768}.Release 4.0|Any CPU.ActiveCfg = Release 4.0|Any CPU
		{2634DF4E-F422-40B3-9A63-2810954DE768}.Release 4.0|Any CPU.Build.0 = Release 4.0|Any CPU
		{2634DF4E-F422-40B3-9A63-2810954DE768}.Release 4.5|Any CPU.ActiveCfg = Release 4.5|Any CPU
		{2634DF4E-F422-40B3-9A63-2810954DE768}.Release 4.5|Any CPU.Build.0 = Release 4.5|Any CPU
	EndGlobalSection
	GlobalSection(SolutionProperties) = preSolution
		HideSolutionNode = FALSE
	EndGlobalSection
EndGlobal
