
Microsoft Visual Studio Solution File, Format Version 12.00
# Visual Studio 15
VisualStudioVersion = 15.0.26730.12
MinimumVisualStudioVersion = 10.0.40219.1
Project("{2150E333-8FDC-42A3-9474-1A3956D46DE8}") = "Solution Items", "Solution Items", "{2C661245-7C1D-4F45-AB03-2B257EDE9895}"
	ProjectSection(SolutionItems) = preProject
		License.txt = License.txt
		Readme.md = Readme.md
	EndProjectSection
EndProject
Project("{9A19103F-16F7-4668-BE54-9A1E7A4F7556}") = "Extensions", "Extensions\Extensions.csproj", "{BC43C512-D60E-4E83-84F1-8CB41D7D65A4}"
EndProject
Project("{9A19103F-16F7-4668-BE54-9A1E7A4F7556}") = "Tests", "Tests\Tests.csproj", "{1B08F6F8-B356-4901-909C-C186943B2D1A}"
EndProject
Global
	GlobalSection(SolutionConfigurationPlatforms) = preSolution
		Debug|Any CPU = Debug|Any CPU
		Release|Any CPU = Release|Any CPU
	EndGlobalSection
	GlobalSection(ProjectConfigurationPlatforms) = postSolution
		{BC43C512-D60E-4E83-84F1-8CB41D7D65A4}.Debug|Any CPU.ActiveCfg = Debug|Any CPU
		{BC43C512-D60E-4E83-84F1-8CB41D7D65A4}.Debug|Any CPU.Build.0 = Debug|Any CPU
		{BC43C512-D60E-4E83-84F1-8CB41D7D65A4}.Release|Any CPU.ActiveCfg = Release|Any CPU
		{BC43C512-D60E-4E83-84F1-8CB41D7D65A4}.Release|Any CPU.Build.0 = Release|Any CPU
		{1B08F6F8-B356-4901-909C-C186943B2D1A}.Debug|Any CPU.ActiveCfg = Debug|Any CPU
		{1B08F6F8-B356-4901-909C-C186943B2D1A}.Debug|Any CPU.Build.0 = Debug|Any CPU
		{1B08F6F8-B356-4901-909C-C186943B2D1A}.Release|Any CPU.ActiveCfg = Release|Any CPU
		{1B08F6F8-B356-4901-909C-C186943B2D1A}.Release|Any CPU.Build.0 = Release|Any CPU
	EndGlobalSection
	GlobalSection(SolutionProperties) = preSolution
		HideSolutionNode = FALSE
	EndGlobalSection
	GlobalSection(ExtensibilityGlobals) = postSolution
		SolutionGuid = {5571B954-A4D0-407E-8F3B-4731DDE82390}
	EndGlobalSection
EndGlobal
